github.com/alecthomas/assert v0.0.0-20170929043011-405dbfeb8e38 h1:smF2tmSOzy2Mm+0dGI2AIUHY+w0BUc+4tn40djz7+6U=
github.com/alecthomas/assert v0.0.0-20170929043011-405dbfeb8e38/go.mod h1:r7bzyVFMNntcxPZXK3/+KdruV1H5KSlyVY0gc+NgInI=
github.com/alecthomas/colour v0.1.0 h1:nOE9rJm6dsZ66RGWYSFrXw461ZIt9A6+nHgL7FRrDUk=
github.com/alecthomas/colour v0.1.0/go.mod h1:QO9JBoKquHd+jz9nshCh40fOfO+JzsoXy8qTHF68zU0=
github.com/alecthomas/repr v0.0.0-20200325044227-4184120f674c h1:MVVbswUlqicyj8P/JljoocA7AyCo62gzD0O7jfvrhtE=
github.com/alecthomas/repr v0.0.0-20200325044227-4184120f674c/go.mod h1:xTS7Pm1pD1mvyM075QCDSRqH6qRLXylzS24ZTpRiSzQ=
github.com/alecthomas/template v0.0.0-20160405071501-a0175ee3bccc h1:cAKDfWh5VpdgMhJosfJnn5/FoN2SRZ4p7fJNX58YPaU=
github.com/alecthomas/template v0.0.0-20160405071501-a0175ee3bccc/go.mod h1:LOuyumcjzFXgccqObfd/Ljyb9UuFJ6TxHnclSeseNhc=
github.com/alecthomas/units v0.0.0-20151022065526-2efee857e7cf h1:qet1QNfXsQxTZqLG4oE62mJzwPIB8+Tee4RNCL9ulrY=
github.com/alecthomas/units v0.0.0-20151022065526-2efee857e7cf/go.mod h1:ybxpYRFXyAe+OPACYpWeL0wqObRcbAqCMya13uyzqw0=
github.com/beorn7/perks v0.0.0-20160804104726-4c0e84591b9a h1:BtpsbiV638WQZwhA98cEZw2BsbnQJrbd0BI7tsy0W1c=
github.com/beorn7/perks v0.0.0-20160804104726-4c0e84591b9a/go.mod h1:Dwedo/Wpr24TaqPxmxbtue+5NUziq4I4S80YR8gNf3Q=
github.com/davecgh/go-spew v1.1.0 h1:ZDRjVQ15GmhC3fiQ8ni8+OwkZQO4DARzQgrnXU1Liz8=
github.com/davecgh/go-spew v1.1.0/go.mod h1:J7Y8YcW2NihsgmVo/mv3lAwl/skON4iLHjSsI+c5H38=
github.com/davecgh/go-spew v1.1.1 h1:vj9j/u1bqnvCEfJOwUhtlOARqs3+rkHYY13jYWTU97c=
github.com/davecgh/go-spew v1.1.1/go.mod h1:J7Y8YcW2NihsgmVo/mv3lAwl/skON4iLHjSsI+c5H38=
github.com/fsnotify/fsnotify v1.4.7 h1:IXs+QLmnXW2CcXuY+8Mzv/fWEsPGWxqefPtCP5CnV9I=
github.com/fsnotify/fsnotify v1.4.7/go.mod h1:jwhsz4b93w/PPRr/qN1Yymfu8t87LnFCMoQvtojpjFo=
github.com/golang/protobuf v1.2.0 h1:P3YflyNX/ehuJFLhxviNdFxQPkGK5cDcApsge1SqnvM=
github.com/golang/protobuf v1.2.0/go.mod h1:6lQm79b+lXiMfvg/cZm0SGofjICqVBUtrP5yJMmIC1U=
github.com/hpcloud/tail v1.0.0 h1:nfCOvKYfkgYP8hkirhJocXT2+zOD8yUNjXaWfTlyFKI=
github.com/hpcloud/tail v1.0.0/go.mod h1:ab1qPbhIpdTxEkNHXyeSf5vhxWSCs/tWer42PpOxQnU=
github.com/kr/pretty v0.1.0 h1:L/CwN0zerZDmRFUapSPitk6f+Q3+0za1rQkzVuMiMFI=
github.com/kr/pretty v0.1.0/go.mod h1:dAy3ld7l9f0ibDNOQOHHMYYIIbhfbHSm3C4ZsoJORNo=
github.com/kr/pty v1.1.1/go.mod h1:pFQYn66WHrOpPYNljwOMqo10TkYh1fy3cYio2l3bCsQ=
github.com/kr/text v0.1.0 h1:45sCR5RtlFHMR4UwH9sdQ5TC8v0qDQCHnXt+kaKSTVE=
github.com/kr/text v0.1.0/go.mod h1:4Jbv+DJW3UT/LiOwJeYQe1efqtUx/iVham/4vfdArNI=
github.com/mattn/go-isatty v0.0.12 h1:wuysRhFDzyxgEmMf5xjvJ2M9dZoWAXNNr5LSBS7uHXY=
github.com/mattn/go-isatty v0.0.12/go.mod h1:cbi8OIDigv2wuxKPP5vlRcQ1OAZbq2CE4Kysco4FUpU=
github.com/matttproud/golang_protobuf_extensions v1.0.1 h1:4hp9jkHxhMHkqkrB3Ix0jegS5sx/RkqARlsWZ6pIwiU=
github.com/matttproud/golang_protobuf_extensions v1.0.1/go.mod h1:D8He9yQNgCq6Z5Ld7szi9bcBfOoFv/3dc6xSMkL2PC0=
github.com/onsi/ginkgo v1.6.0/go.mod h1:lLunBs/Ym6LB5Z9jYTR76FiuTmxDTDusOGeTQH+WWjE=
github.com/onsi/ginkgo v1.12.0 h1:Iw5WCbBcaAAd0fpRb1c9r5YCylv4XDoCSigm1zLevwU=
github.com/onsi/ginkgo v1.12.0/go.mod h1:oUhWkIvk5aDxtKvDDuw8gItl8pKl42LzjC9KZE0HfGg=
github.com/onsi/gomega v1.7.1/go.mod h1:XdKZgCCFLUoM/7CFJVPcG8C1xQ1AJ0vpAezJrB7JYyY=
github.com/onsi/gomega v1.10.0 h1:Gwkk+PTu/nfOwNMtUB/mRUv0X7ewW5dO4AERT1ThVKo=
github.com/onsi/gomega v1.10.0/go.mod h1:Ho0h+IUsWyvy1OpqCwxlQ/21gkhVunqlU8fDGcoTdcA=
github.com/pmezard/go-difflib v1.0.0 h1:4DBwDE0NGyQoBHbLQYPwSUPoCMWR5BEzIk/f1lZbAQM=
github.com/pmezard/go-difflib v1.0.0/go.mod h1:iKH77koFhYxTK1pcRnkKkqfTogsbg7gZNVY4sRDYZ/4=
github.com/prometheus/client_golang v0.8.0 h1:1921Yw9Gc3iSc4VQh3PIoOqgPCZS7G/4xQNVUp8Mda8=
github.com/prometheus/client_golang v0.8.0/go.mod h1:7SWBe2y4D6OKWSNQJUaRYU/AaXPKyh/dDVn+NZz0KFw=
github.com/prometheus/client_model v0.0.0-20171117100541-99fa1f4be8e5 h1:cLL6NowurKLMfCeQy4tIeph12XNQWgANCNvdyrOYKV4=
github.com/prometheus/client_model v0.0.0-20171117100541-99fa1f4be8e5/go.mod h1:MbSGuTsp3dbXC40dX6PRTWyKYBIrTGTE9sqQNg2J8bo=
github.com/prometheus/common v0.0.0-20171117163051-2e54d0b93cba h1:/MUKoJbk4oXV3uxkpfHVkmVfL+wzWW6dttaW26s07Gg=
github.com/prometheus/common v0.0.0-20171117163051-2e54d0b93cba/go.mod h1:daVV7qP5qjZbuso7PdcryaAu0sAZbrN9i7WWcTMWvro=
github.com/prometheus/procfs v0.0.0-20171017214025-a6e9df898b13 h1:leRfx9kcgnSDkqAFhaaUcRqpAZgnFdwZkZcdRcea1h0=
github.com/prometheus/procfs v0.0.0-20171017214025-a6e9df898b13/go.mod h1:c3At6R/oaqEKCNdg8wHV1ftS6bRYblBhIjjI8uT2IGk=
github.com/sergi/go-diff v1.1.0 h1:we8PVUC3FE2uYfodKH/nBHMSetSfHDR6scGdBi+erh0=
github.com/sergi/go-diff v1.1.0/go.mod h1:STckp+ISIX8hZLjrqAeVduY0gWCT9IjLuqbuNXdaHfM=
github.com/sirupsen/logrus v1.0.4 h1:gzbtLsZC3Ic5PptoRG+kQj4L60qjK7H7XszrU163JNQ=
github.com/sirupsen/logrus v1.0.4/go.mod h1:pMByvHTf9Beacp5x1UXfOR9xyW/9antXMhjMPG0dEzc=
github.com/stretchr/objx v0.1.0/go.mod h1:HFkY916IF+rwdDfMAkV7OtwuqBVzrE8GR6GFx+wExME=
github.com/stretchr/testify v1.4.0/go.mod h1:j7eGeouHqKxXV5pUuKE4zz7dFj8WfuZ+81PSLYec5m4=
github.com/stretchr/testify v1.5.1 h1:nOGnQDM7FYENwehXlg/kFVnos3rEvtKTjRvOWSzb6H4=
github.com/stretchr/testify v1.5.1/go.mod h1:5W2xD1RspED5o8YsWQXVCued0rvSQ+mT+I5cxcmMvtA=
golang.org/x/crypto v0.0.0-20171128194009-94eea52f7b74 h1:tJPDBgnvRBr/cDv54KIfTbVhREArfmr25jw8GcNSI4A=
golang.org/x/crypto v0.0.0-20171128194009-94eea52f7b74/go.mod h1:6SG95UA2DQfeDnfUPMdvaQW0Q7yPrPDi9nlGo2tz2b4=
golang.org/x/net v0.0.0-20180906233101-161cd47e91fd h1:nTDtHvHSdCn1m6ITfMRqtOd/9+7a3s8RBNOZ3eYZzJA=
golang.org/x/net v0.0.0-20180906233101-161cd47e91fd/go.mod h1:mL1N/T3taQHkDXs73rZJwtUhF3w3ftmwwsq0BUmARs4=
golang.org/x/sync v0.0.0-20180314180146-1d60e4601c6f/go.mod h1:RxMgew5VJxzue5/jJTE5uejpjVlOe/izrB70Jof72aM=
golang.org/x/sync v0.0.0-20200317015054-43a5402ce75a h1:WXEvlFVvvGxCJLG6REjsT03iWnKLEWinaScsxF2Vm2o=
golang.org/x/sync v0.0.0-20200317015054-43a5402ce75a/go.mod h1:RxMgew5VJxzue5/jJTE5uejpjVlOe/izrB70Jof72aM=
golang.org/x/sys v0.0.0-20180909124046-d0be0721c37e/go.mod h1:STP8DvDyc/dI5b8T5hshtkjS+E42TnysNCUPdjciGhY=
golang.org/x/sys v0.0.0-20191120155948-bd437916bb0e/go.mod h1:h1NjWce9XRLGQEsW7wpKNCjG9DtNlClVuFLEZdDNbEs=
golang.org/x/sys v0.0.0-20200116001909-b77594299b42 h1:vEOn+mP2zCOVzKckCZy6YsCtDblrpj/w7B9nxGNELpg=
golang.org/x/sys v0.0.0-20200116001909-b77594299b42/go.mod h1:h1NjWce9XRLGQEsW7wpKNCjG9DtNlClVuFLEZdDNbEs=
golang.org/x/text v0.3.0 h1:g61tztE5qeGQ89tm6NTjjM9VPIm088od1l6aSorWRWg=
golang.org/x/text v0.3.0/go.mod h1:NqM8EUOU14njkJ3fqMW+pc6Ldnwhi/IjpwHt7yyuwOQ=
golang.org/x/xerrors v0.0.0-20190717185122-a985d3407aa7 h1:9zdDQZ7Thm29KFXgAX/+yaf3eVbP7djjWp/dXAppNCc=
golang.org/x/xerrors v0.0.0-20190717185122-a985d3407aa7/go.mod h1:I/5z698sn9Ka8TeJc9MKroUUfqBBauWjQqLJ2OPfmY0=
gopkg.in/airbrake/gobrake.v2 v2.0.9 h1:7z2uVWwn7oVeeugY1DtlPAy5H+KYgB1KeKTnqjNatLo=
gopkg.in/airbrake/gobrake.v2 v2.0.9/go.mod h1:/h5ZAUhDkGaJfjzjKLSjv6zCL6O0LLBxU4K+aSYdM/U=
gopkg.in/alecthomas/kingpin.v2 v2.2.5 h1:qskSCq465uEvC3oGocwvZNsO3RF3SpLVLumOAhL0bXo=
gopkg.in/alecthomas/kingpin.v2 v2.2.5/go.mod h1:FMv+mEhP44yOT+4EoQTLFTRgOQ1FBLkstjWtayDeSgw=
gopkg.in/check.v1 v0.0.0-20161208181325-20d25e280405 h1:yhCVgyC4o1eVCa2tZl7eS0r+SDo693bJlVdllGtEeKM=
gopkg.in/check.v1 v0.0.0-20161208181325-20d25e280405/go.mod h1:Co6ibVJAznAaIkqp8huTwlJQCZ016jof/cbN4VW5Yz0=
gopkg.in/check.v1 v1.0.0-20190902080502-41f04d3bba15 h1:YR8cESwS4TdDjEe65xsg0ogRM/Nc3DYOhEAlW+xobZo=
gopkg.in/check.v1 v1.0.0-20190902080502-41f04d3bba15/go.mod h1:Co6ibVJAznAaIkqp8huTwlJQCZ016jof/cbN4VW5Yz0=
gopkg.in/fsnotify.v1 v1.4.7 h1:xOHLXZwVvI9hhs+cLKq5+I5onOuwQLhQwiu63xxlHs4=
gopkg.in/fsnotify.v1 v1.4.7/go.mod h1:Tz8NjZHkW78fSQdbUxIjBTcgA1z1m8ZHf0WmKUhAMys=
gopkg.in/gemnasium/logrus-airbrake-hook.v2 v2.1.2 h1:OAj3g0cR6Dx/R07QgQe8wkA9RNjB2u4i700xBkIT4e0=
gopkg.in/gemnasium/logrus-airbrake-hook.v2 v2.1.2/go.mod h1:Xk6kEKp8OKb+X14hQBKWaSkCsqBpgog8nAV2xsGOxlo=
gopkg.in/tomb.v1 v1.0.0-20141024135613-dd632973f1e7 h1:uRGJdciOHaEIrze2W8Q3AKkepLTh2hOroT7a+7czfdQ=
gopkg.in/tomb.v1 v1.0.0-20141024135613-dd632973f1e7/go.mod h1:dt/ZhP58zS4L8KSrWDmTeBkI65Dw0HsyUHuEVlX15mw=
gopkg.in/yaml.v2 v2.2.2 h1:ZCJp+EgiOT7lHqUV2J862kp8Qj64Jo6az82+3Td9dZw=
gopkg.in/yaml.v2 v2.2.2/go.mod h1:hI93XBmqTisBFMUTm0b8Fm+jr3Dg1NNxqwp+5A1VGuI=
gopkg.in/yaml.v2 v2.2.4 h1:/eiJrUcujPVeJ3xlSWaiNi3uSVmDGBK1pDHUHAnao1I=
gopkg.in/yaml.v2 v2.2.4/go.mod h1:hI93XBmqTisBFMUTm0b8Fm+jr3Dg1NNxqwp+5A1VGuI=
